
Microsoft Visual Studio Solution File, Format Version 10.00
# Visual Studio 2008
Project("{FAE04EC0-301F-11D3-BF4B-00C04F79EFBC}") = "Emailer", "Emailer.csproj", "{4A995662-1DC7-430C-828A-574687ECDB72}"
EndProject
Project("{54435603-DBB4-11D2-8724-00A0C9A8B90C}") = "Rn Emailer Setup", "..\Rn Emailer Setup\Rn Emailer Setup.vdproj", "{2513C37D-F681-4D30-B437-36013617BD18}"
EndProject
Global
	GlobalSection(SolutionConfigurationPlatforms) = preSolution
		Debug|Any CPU = Debug|Any CPU
		Release|Any CPU = Release|Any CPU
	EndGlobalSection
	GlobalSection(ProjectConfigurationPlatforms) = postSolution
		{4A995662-1DC7-430C-828A-574687ECDB72}.Debug|Any CPU.ActiveCfg = Debug|Any CPU
		{4A995662-1DC7-430C-828A-574687ECDB72}.Debug|Any CPU.Build.0 = Debug|Any CPU
		{4A995662-1DC7-430C-828A-574687ECDB72}.Release|Any CPU.ActiveCfg = Release|Any CPU
		{4A995662-1DC7-430C-828A-574687ECDB72}.Release|Any CPU.Build.0 = Release|Any CPU
		{2513C37D-F681-4D30-B437-36013617BD18}.Debug|Any CPU.ActiveCfg = Debug
		{2513C37D-F681-4D30-B437-36013617BD18}.Release|Any CPU.ActiveCfg = Release
		{2513C37D-F681-4D30-B437-36013617BD18}.Release|Any CPU.Build.0 = Release
	EndGlobalSection
	GlobalSection(SolutionProperties) = preSolution
		HideSolutionNode = FALSE
	EndGlobalSection
EndGlobal
